// !$*UTF8*$!
{
	archiveVersion = 1;
	classes = {
	};
	objectVersion = 55;
	objects = {

/* Begin PBXBuildFile section */
		031B65DC27C5545000865CDB /* AppDelegate.swift in Sources */ = {isa = PBXBuildFile; fileRef = 031B65DB27C5545000865CDB /* AppDelegate.swift */; };
		031B65DE27C5545000865CDB /* SceneDelegate.swift in Sources */ = {isa = PBXBuildFile; fileRef = 031B65DD27C5545000865CDB /* SceneDelegate.swift */; };
		031B65E027C5545000865CDB /* ViewController.swift in Sources */ = {isa = PBXBuildFile; fileRef = 031B65DF27C5545000865CDB /* ViewController.swift */; };
		031B65E527C5545300865CDB /* Assets.xcassets in Resources */ = {isa = PBXBuildFile; fileRef = 031B65E427C5545300865CDB /* Assets.xcassets */; };
		031B65E827C5545300865CDB /* LaunchScreen.storyboard in Resources */ = {isa = PBXBuildFile; fileRef = 031B65E627C5545300865CDB /* LaunchScreen.storyboard */; };
		03683E4527CEBB3700926687 /* CustomButton.swift in Sources */ = {isa = PBXBuildFile; fileRef = 03683E4427CEBB3700926687 /* CustomButton.swift */; };
		03683E4727CEBF4000926687 /* NameValidViewController.swift in Sources */ = {isa = PBXBuildFile; fileRef = 03683E4627CEBF3F00926687 /* NameValidViewController.swift */; };
		03683E4927CEBF5300926687 /* EmailValidViewController.swift in Sources */ = {isa = PBXBuildFile; fileRef = 03683E4827CEBF5300926687 /* EmailValidViewController.swift */; };
		03683E4C27CEDB3B00926687 /* ValidType.swift in Sources */ = {isa = PBXBuildFile; fileRef = 03683E4B27CEDB3B00926687 /* ValidType.swift */; };
		03BD422827C6D50600FA93C7 /* String+Extension.swift in Sources */ = {isa = PBXBuildFile; fileRef = 03BD422727C6D50600FA93C7 /* String+Extension.swift */; };
		03BD422C27C6DB2200FA93C7 /* Validview.swift in Sources */ = {isa = PBXBuildFile; fileRef = 03BD422B27C6DB2200FA93C7 /* Validview.swift */; };
		03DBCF5527CD6F2D00C7B149 /* SRPViewController.swift in Sources */ = {isa = PBXBuildFile; fileRef = 03DBCF5427CD6F2D00C7B149 /* SRPViewController.swift */; };
		03DBCF5827CD707600C7B149 /* Validatable.swift in Sources */ = {isa = PBXBuildFile; fileRef = 03DBCF5727CD707600C7B149 /* Validatable.swift */; };
/* End PBXBuildFile section */

/* Begin PBXFileReference section */
		031B65D827C5545000865CDB /* testView.app */ = {isa = PBXFileReference; explicitFileType = wrapper.application; includeInIndex = 0; path = testView.app; sourceTree = BUILT_PRODUCTS_DIR; };
		031B65DB27C5545000865CDB /* AppDelegate.swift */ = {isa = PBXFileReference; lastKnownFileType = sourcecode.swift; path = AppDelegate.swift; sourceTree = "<group>"; };
		031B65DD27C5545000865CDB /* SceneDelegate.swift */ = {isa = PBXFileReference; lastKnownFileType = sourcecode.swift; path = SceneDelegate.swift; sourceTree = "<group>"; };
		031B65DF27C5545000865CDB /* ViewController.swift */ = {isa = PBXFileReference; lastKnownFileType = sourcecode.swift; path = ViewController.swift; sourceTree = "<group>"; };
		031B65E427C5545300865CDB /* Assets.xcassets */ = {isa = PBXFileReference; lastKnownFileType = folder.assetcatalog; path = Assets.xcassets; sourceTree = "<group>"; };
		031B65E727C5545300865CDB /* Base */ = {isa = PBXFileReference; lastKnownFileType = file.storyboard; name = Base; path = Base.lproj/LaunchScreen.storyboard; sourceTree = "<group>"; };
		031B65E927C5545300865CDB /* Info.plist */ = {isa = PBXFileReference; lastKnownFileType = text.plist.xml; path = Info.plist; sourceTree = "<group>"; };
		03683E4427CEBB3700926687 /* CustomButton.swift */ = {isa = PBXFileReference; lastKnownFileType = sourcecode.swift; path = CustomButton.swift; sourceTree = "<group>"; };
		03683E4627CEBF3F00926687 /* NameValidViewController.swift */ = {isa = PBXFileReference; lastKnownFileType = sourcecode.swift; path = NameValidViewController.swift; sourceTree = "<group>"; };
		03683E4827CEBF5300926687 /* EmailValidViewController.swift */ = {isa = PBXFileReference; lastKnownFileType = sourcecode.swift; path = EmailValidViewController.swift; sourceTree = "<group>"; };
		03683E4B27CEDB3B00926687 /* ValidType.swift */ = {isa = PBXFileReference; lastKnownFileType = sourcecode.swift; path = ValidType.swift; sourceTree = "<group>"; };
		03BD422727C6D50600FA93C7 /* String+Extension.swift */ = {isa = PBXFileReference; lastKnownFileType = sourcecode.swift; path = "String+Extension.swift"; sourceTree = "<group>"; };
		03BD422B27C6DB2200FA93C7 /* Validview.swift */ = {isa = PBXFileReference; lastKnownFileType = sourcecode.swift; path = Validview.swift; sourceTree = "<group>"; };
		03DBCF5427CD6F2D00C7B149 /* SRPViewController.swift */ = {isa = PBXFileReference; lastKnownFileType = sourcecode.swift; path = SRPViewController.swift; sourceTree = "<group>"; };
		03DBCF5727CD707600C7B149 /* Validatable.swift */ = {isa = PBXFileReference; lastKnownFileType = sourcecode.swift; path = Validatable.swift; sourceTree = "<group>"; };
/* End PBXFileReference section */

/* Begin PBXFrameworksBuildPhase section */
		031B65D527C5545000865CDB /* Frameworks */ = {
			isa = PBXFrameworksBuildPhase;
			buildActionMask = 2147483647;
			files = (
			);
			runOnlyForDeploymentPostprocessing = 0;
		};
/* End PBXFrameworksBuildPhase section */

/* Begin PBXGroup section */
		031B65CF27C5545000865CDB = {
			isa = PBXGroup;
			children = (
				031B65DA27C5545000865CDB /* homeWork3 */,
				031B65D927C5545000865CDB /* Products */,
			);
			sourceTree = "<group>";
		};
		031B65D927C5545000865CDB /* Products */ = {
			isa = PBXGroup;
			children = (
				031B65D827C5545000865CDB /* testView.app */,
			);
			name = Products;
			sourceTree = "<group>";
		};
		031B65DA27C5545000865CDB /* homeWork3 */ = {
			isa = PBXGroup;
			children = (
				03683E4A27CEDB2800926687 /* Enums */,
				03DBCF5627CD705E00C7B149 /* Protocols */,
				03BD422927C6DAD500FA93C7 /* UIKit */,
				03BD422627C6D4EA00FA93C7 /* Extensions */,
				031B65DB27C5545000865CDB /* AppDelegate.swift */,
				031B65DD27C5545000865CDB /* SceneDelegate.swift */,
				031B65DF27C5545000865CDB /* ViewController.swift */,
				03683E4627CEBF3F00926687 /* NameValidViewController.swift */,
				03683E4827CEBF5300926687 /* EmailValidViewController.swift */,
				03DBCF5427CD6F2D00C7B149 /* SRPViewController.swift */,
				031B65E427C5545300865CDB /* Assets.xcassets */,
				031B65E627C5545300865CDB /* LaunchScreen.storyboard */,
				031B65E927C5545300865CDB /* Info.plist */,
			);
			path = homeWork3;
			sourceTree = "<group>";
		};
		03683E4327CEBB1000926687 /* UIButtons */ = {
			isa = PBXGroup;
			children = (
				03683E4427CEBB3700926687 /* CustomButton.swift */,
			);
			path = UIButtons;
			sourceTree = "<group>";
		};
		03683E4A27CEDB2800926687 /* Enums */ = {
			isa = PBXGroup;
			children = (
				03683E4B27CEDB3B00926687 /* ValidType.swift */,
			);
			path = Enums;
			sourceTree = "<group>";
		};
		03BD422627C6D4EA00FA93C7 /* Extensions */ = {
			isa = PBXGroup;
			children = (
				03BD422727C6D50600FA93C7 /* String+Extension.swift */,
			);
			path = Extensions;
			sourceTree = "<group>";
		};
		03BD422927C6DAD500FA93C7 /* UIKit */ = {
			isa = PBXGroup;
			children = (
				03683E4327CEBB1000926687 /* UIButtons */,
				03BD422A27C6DADE00FA93C7 /* UIViews */,
			);
			path = UIKit;
			sourceTree = "<group>";
		};
		03BD422A27C6DADE00FA93C7 /* UIViews */ = {
			isa = PBXGroup;
			children = (
				03BD422B27C6DB2200FA93C7 /* Validview.swift */,
			);
			path = UIViews;
			sourceTree = "<group>";
		};
		03DBCF5627CD705E00C7B149 /* Protocols */ = {
			isa = PBXGroup;
			children = (
				03DBCF5727CD707600C7B149 /* Validatable.swift */,
			);
			path = Protocols;
			sourceTree = "<group>";
		};
/* End PBXGroup section */

/* Begin PBXNativeTarget section */
		031B65D727C5545000865CDB /* testView */ = {
			isa = PBXNativeTarget;
			buildConfigurationList = 031B65EC27C5545300865CDB /* Build configuration list for PBXNativeTarget "testView" */;
			buildPhases = (
				031B65D427C5545000865CDB /* Sources */,
				031B65D527C5545000865CDB /* Frameworks */,
				031B65D627C5545000865CDB /* Resources */,
			);
			buildRules = (
			);
			dependencies = (
			);
			name = testView;
			productName = testView;
			productReference = 031B65D827C5545000865CDB /* testView.app */;
			productType = "com.apple.product-type.application";
		};
/* End PBXNativeTarget section */

/* Begin PBXProject section */
		031B65D027C5545000865CDB /* Project object */ = {
			isa = PBXProject;
			attributes = {
				BuildIndependentTargetsInParallel = 1;
				LastSwiftUpdateCheck = 1320;
				LastUpgradeCheck = 1320;
				TargetAttributes = {
					031B65D727C5545000865CDB = {
						CreatedOnToolsVersion = 13.2.1;
					};
				};
			};
			buildConfigurationList = 031B65D327C5545000865CDB /* Build configuration list for PBXProject "testView" */;
			compatibilityVersion = "Xcode 13.0";
			developmentRegion = en;
			hasScannedForEncodings = 0;
			knownRegions = (
				en,
				Base,
			);
			mainGroup = 031B65CF27C5545000865CDB;
			productRefGroup = 031B65D927C5545000865CDB /* Products */;
			projectDirPath = "";
			projectRoot = "";
			targets = (
				031B65D727C5545000865CDB /* testView */,
			);
		};
/* End PBXProject section */

/* Begin PBXResourcesBuildPhase section */
		031B65D627C5545000865CDB /* Resources */ = {
			isa = PBXResourcesBuildPhase;
			buildActionMask = 2147483647;
			files = (
				031B65E827C5545300865CDB /* LaunchScreen.storyboard in Resources */,
				031B65E527C5545300865CDB /* Assets.xcassets in Resources */,
			);
			runOnlyForDeploymentPostprocessing = 0;
		};
/* End PBXResourcesBuildPhase section */

/* Begin PBXSourcesBuildPhase section */
		031B65D427C5545000865CDB /* Sources */ = {
			isa = PBXSourcesBuildPhase;
			buildActionMask = 2147483647;
			files = (
				03683E4727CEBF4000926687 /* NameValidViewController.swift in Sources */,
				03BD422827C6D50600FA93C7 /* String+Extension.swift in Sources */,
				03BD422C27C6DB2200FA93C7 /* Validview.swift in Sources */,
				03DBCF5527CD6F2D00C7B149 /* SRPViewController.swift in Sources */,
				03683E4927CEBF5300926687 /* EmailValidViewController.swift in Sources */,
				031B65E027C5545000865CDB /* ViewController.swift in Sources */,
				03683E4C27CEDB3B00926687 /* ValidType.swift in Sources */,
				03683E4527CEBB3700926687 /* CustomButton.swift in Sources */,
				031B65DC27C5545000865CDB /* AppDelegate.swift in Sources */,
				031B65DE27C5545000865CDB /* SceneDelegate.swift in Sources */,
				03DBCF5827CD707600C7B149 /* Validatable.swift in Sources */,
			);
			runOnlyForDeploymentPostprocessing = 0;
		};
/* End PBXSourcesBuildPhase section */

/* Begin PBXVariantGroup section */
		031B65E627C5545300865CDB /* LaunchScreen.storyboard */ = {
			isa = PBXVariantGroup;
			children = (
				031B65E727C5545300865CDB /* Base */,
			);
			name = LaunchScreen.storyboard;
			sourceTree = "<group>";
		};
/* End PBXVariantGroup section */

/* Begin XCBuildConfiguration section */
		031B65EA27C5545300865CDB /* Debug */ = {
			isa = XCBuildConfiguration;
			buildSettings = {
				ALWAYS_SEARCH_USER_PATHS = NO;
				CLANG_ANALYZER_NONNULL = YES;
				CLANG_ANALYZER_NUMBER_OBJECT_CONVERSION = YES_AGGRESSIVE;
				CLANG_CXX_LANGUAGE_STANDARD = "gnu++17";
				CLANG_CXX_LIBRARY = "libc++";
				CLANG_ENABLE_MODULES = YES;
				CLANG_ENABLE_OBJC_ARC = YES;
				CLANG_ENABLE_OBJC_WEAK = YES;
				CLANG_WARN_BLOCK_CAPTURE_AUTORELEASING = YES;
				CLANG_WARN_BOOL_CONVERSION = YES;
				CLANG_WARN_COMMA = YES;
				CLANG_WARN_CONSTANT_CONVERSION = YES;
				CLANG_WARN_DEPRECATED_OBJC_IMPLEMENTATIONS = YES;
				CLANG_WARN_DIRECT_OBJC_ISA_USAGE = YES_ERROR;
				CLANG_WARN_DOCUMENTATION_COMMENTS = YES;
				CLANG_WARN_EMPTY_BODY = YES;
				CLANG_WARN_ENUM_CONVERSION = YES;
				CLANG_WARN_INFINITE_RECURSION = YES;
				CLANG_WARN_INT_CONVERSION = YES;
				CLANG_WARN_NON_LITERAL_NULL_CONVERSION = YES;
				CLANG_WARN_OBJC_IMPLICIT_RETAIN_SELF = YES;
				CLANG_WARN_OBJC_LITERAL_CONVERSION = YES;
				CLANG_WARN_OBJC_ROOT_CLASS = YES_ERROR;
				CLANG_WARN_QUOTED_INCLUDE_IN_FRAMEWORK_HEADER = YES;
				CLANG_WARN_RANGE_LOOP_ANALYSIS = YES;
				CLANG_WARN_STRICT_PROTOTYPES = YES;
				CLANG_WARN_SUSPICIOUS_MOVE = YES;
				CLANG_WARN_UNGUARDED_AVAILABILITY = YES_AGGRESSIVE;
				CLANG_WARN_UNREACHABLE_CODE = YES;
				CLANG_WARN__DUPLICATE_METHOD_MATCH = YES;
				COPY_PHASE_STRIP = NO;
				DEBUG_INFORMATION_FORMAT = dwarf;
				ENABLE_STRICT_OBJC_MSGSEND = YES;
				ENABLE_TESTABILITY = YES;
				GCC_C_LANGUAGE_STANDARD = gnu11;
				GCC_DYNAMIC_NO_PIC = NO;
				GCC_NO_COMMON_BLOCKS = YES;
				GCC_OPTIMIZATION_LEVEL = 0;
				GCC_PREPROCESSOR_DEFINITIONS = (
					"DEBUG=1",
					"$(inherited)",
				);
				GCC_WARN_64_TO_32_BIT_CONVERSION = YES;
				GCC_WARN_ABOUT_RETURN_TYPE = YES_ERROR;
				GCC_WARN_UNDECLARED_SELECTOR = YES;
				GCC_WARN_UNINITIALIZED_AUTOS = YES_AGGRESSIVE;
				GCC_WARN_UNUSED_FUNCTION = YES;
				GCC_WARN_UNUSED_VARIABLE = YES;
				IPHONEOS_DEPLOYMENT_TARGET = 15.2;
				MTL_ENABLE_DEBUG_INFO = INCLUDE_SOURCE;
				MTL_FAST_MATH = YES;
				ONLY_ACTIVE_ARCH = YES;
				SDKROOT = iphoneos;
				SWIFT_ACTIVE_COMPILATION_CONDITIONS = DEBUG;
				SWIFT_OPTIMIZATION_LEVEL = "-Onone";
			};
			name = Debug;
		};
		031B65EB27C5545300865CDB /* Release */ = {
			isa = XCBuildConfiguration;
			buildSettings = {
				ALWAYS_SEARCH_USER_PATHS = NO;
				CLANG_ANALYZER_NONNULL = YES;
				CLANG_ANALYZER_NUMBER_OBJECT_CONVERSION = YES_AGGRESSIVE;
				CLANG_CXX_LANGUAGE_STANDARD = "gnu++17";
				CLANG_CXX_LIBRARY = "libc++";
				CLANG_ENABLE_MODULES = YES;
				CLANG_ENABLE_OBJC_ARC = YES;
				CLANG_ENABLE_OBJC_WEAK = YES;
				CLANG_WARN_BLOCK_CAPTURE_AUTORELEASING = YES;
				CLANG_WARN_BOOL_CONVERSION = YES;
				CLANG_WARN_COMMA = YES;
				CLANG_WARN_CONSTANT_CONVERSION = YES;
				CLANG_WARN_DEPRECATED_OBJC_IMPLEMENTATIONS = YES;
				CLANG_WARN_DIRECT_OBJC_ISA_USAGE = YES_ERROR;
				CLANG_WARN_DOCUMENTATION_COMMENTS = YES;
				CLANG_WARN_EMPTY_BODY = YES;
				CLANG_WARN_ENUM_CONVERSION = YES;
				CLANG_WARN_INFINITE_RECURSION = YES;
				CLANG_WARN_INT_CONVERSION = YES;
				CLANG_WARN_NON_LITERAL_NULL_CONVERSION = YES;
				CLANG_WARN_OBJC_IMPLICIT_RETAIN_SELF = YES;
				CLANG_WARN_OBJC_LITERAL_CONVERSION = YES;
				CLANG_WARN_OBJC_ROOT_CLASS = YES_ERROR;
				CLANG_WARN_QUOTED_INCLUDE_IN_FRAMEWORK_HEADER = YES;
				CLANG_WARN_RANGE_LOOP_ANALYSIS = YES;
				CLANG_WARN_STRICT_PROTOTYPES = YES;
				CLANG_WARN_SUSPICIOUS_MOVE = YES;
				CLANG_WARN_UNGUARDED_AVAILABILITY = YES_AGGRESSIVE;
				CLANG_WARN_UNREACHABLE_CODE = YES;
				CLANG_WARN__DUPLICATE_METHOD_MATCH = YES;
				COPY_PHASE_STRIP = NO;
				DEBUG_INFORMATION_FORMAT = "dwarf-with-dsym";
				ENABLE_NS_ASSERTIONS = NO;
				ENABLE_STRICT_OBJC_MSGSEND = YES;
				GCC_C_LANGUAGE_STANDARD = gnu11;
				GCC_NO_COMMON_BLOCKS = YES;
				GCC_WARN_64_TO_32_BIT_CONVERSION = YES;
				GCC_WARN_ABOUT_RETURN_TYPE = YES_ERROR;
				GCC_WARN_UNDECLARED_SELECTOR = YES;
				GCC_WARN_UNINITIALIZED_AUTOS = YES_AGGRESSIVE;
				GCC_WARN_UNUSED_FUNCTION = YES;
				GCC_WARN_UNUSED_VARIABLE = YES;
				IPHONEOS_DEPLOYMENT_TARGET = 15.2;
				MTL_ENABLE_DEBUG_INFO = NO;
				MTL_FAST_MATH = YES;
				SDKROOT = iphoneos;
				SWIFT_COMPILATION_MODE = wholemodule;
				SWIFT_OPTIMIZATION_LEVEL = "-O";
				VALIDATE_PRODUCT = YES;
			};
			name = Release;
		};
		031B65ED27C5545300865CDB /* Debug */ = {
			isa = XCBuildConfiguration;
			buildSettings = {
				ASSETCATALOG_COMPILER_APPICON_NAME = AppIcon;
				ASSETCATALOG_COMPILER_GLOBAL_ACCENT_COLOR_NAME = AccentColor;
				CODE_SIGN_STYLE = Automatic;
				CURRENT_PROJECT_VERSION = 1;
				DEVELOPMENT_TEAM = 95G8586896;
				GENERATE_INFOPLIST_FILE = YES;
				INFOPLIST_FILE = homeWork3/Info.plist;
				INFOPLIST_KEY_UIApplicationSupportsIndirectInputEvents = YES;
				INFOPLIST_KEY_UILaunchStoryboardName = LaunchScreen;
				INFOPLIST_KEY_UISupportedInterfaceOrientations = UIInterfaceOrientationPortrait;
				INFOPLIST_KEY_UISupportedInterfaceOrientations_iPad = "UIInterfaceOrientationPortrait UIInterfaceOrientationPortraitUpsideDown UIInterfaceOrientationLandscapeLeft UIInterfaceOrientationLandscapeRight";
				INFOPLIST_KEY_UISupportedInterfaceOrientations_iPhone = "UIInterfaceOrientationPortrait UIInterfaceOrientationLandscapeLeft UIInterfaceOrientationLandscapeRight";
				IPHONEOS_DEPLOYMENT_TARGET = 13.0;
				LD_RUNPATH_SEARCH_PATHS = (
					"$(inherited)",
					"@executable_path/Frameworks",
				);
				MARKETING_VERSION = 1.0;
				PRODUCT_BUNDLE_IDENTIFIER = ramil.testView;
				PRODUCT_NAME = "$(TARGET_NAME)";
				SWIFT_EMIT_LOC_STRINGS = YES;
				SWIFT_VERSION = 5.0;
				TARGETED_DEVICE_FAMILY = 1;
			};
			name = Debug;
		};
		031B65EE27C5545300865CDB /* Release */ = {
			isa = XCBuildConfiguration;
			buildSettings = {
				ASSETCATALOG_COMPILER_APPICON_NAME = AppIcon;
				ASSETCATALOG_COMPILER_GLOBAL_ACCENT_COLOR_NAME = AccentColor;
				CODE_SIGN_STYLE = Automatic;
				CURRENT_PROJECT_VERSION = 1;
				DEVELOPMENT_TEAM = 95G8586896;
				GENERATE_INFOPLIST_FILE = YES;
				INFOPLIST_FILE = homeWork3/Info.plist;
				INFOPLIST_KEY_UIApplicationSupportsIndirectInputEvents = YES;
				INFOPLIST_KEY_UILaunchStoryboardName = LaunchScreen;
				INFOPLIST_KEY_UISupportedInterfaceOrientations = UIInterfaceOrientationPortrait;
				INFOPLIST_KEY_UISupportedInterfaceOrientations_iPad = "UIInterfaceOrientationPortrait UIInterfaceOrientationPortraitUpsideDown UIInterfaceOrientationLandscapeLeft UIInterfaceOrientationLandscapeRight";
				INFOPLIST_KEY_UISupportedInterfaceOrientations_iPhone = "UIInterfaceOrientationPortrait UIInterfaceOrientationLandscapeLeft UIInterfaceOrientationLandscapeRight";
				IPHONEOS_DEPLOYMENT_TARGET = 13.0;
				LD_RUNPATH_SEARCH_PATHS = (
					"$(inherited)",
					"@executable_path/Frameworks",
				);
				MARKETING_VERSION = 1.0;
				PRODUCT_BUNDLE_IDENTIFIER = ramil.testView;
				PRODUCT_NAME = "$(TARGET_NAME)";
				SWIFT_EMIT_LOC_STRINGS = YES;
				SWIFT_VERSION = 5.0;
				TARGETED_DEVICE_FAMILY = 1;
			};
			name = Release;
		};
/* End XCBuildConfiguration section */

/* Begin XCConfigurationList section */
		031B65D327C5545000865CDB /* Build configuration list for PBXProject "testView" */ = {
			isa = XCConfigurationList;
			buildConfigurations = (
				031B65EA27C5545300865CDB /* Debug */,
				031B65EB27C5545300865CDB /* Release */,
			);
			defaultConfigurationIsVisible = 0;
			defaultConfigurationName = Release;
		};
		031B65EC27C5545300865CDB /* Build configuration list for PBXNativeTarget "testView" */ = {
			isa = XCConfigurationList;
			buildConfigurations = (
				031B65ED27C5545300865CDB /* Debug */,
				031B65EE27C5545300865CDB /* Release */,
			);
			defaultConfigurationIsVisible = 0;
			defaultConfigurationName = Release;
		};
/* End XCConfigurationList section */
	};
	rootObject = 031B65D027C5545000865CDB /* Project object */;
}
